
Microsoft Visual Studio Solution File, Format Version 12.00
# Visual Studio Version 17
VisualStudioVersion = 17.9.34728.123
MinimumVisualStudioVersion = 10.0.40219.1
Project("{FAE04EC0-301F-11D3-BF4B-00C04F79EFBC}") = "webpage", "webpage.csproj", "{6F03D114-6413-4245-B02C-7F8BFACC12AE}"
EndProject
Global
	GlobalSection(SolutionConfigurationPlatforms) = preSolution
		Debug|Any CPU = Debug|Any CPU
		Release|Any CPU = Release|Any CPU
	EndGlobalSection
	GlobalSection(ProjectConfigurationPlatforms) = postSolution
		{6F03D114-6413-4245-B02C-7F8BFACC12AE}.Debug|Any CPU.ActiveCfg = Debug|Any CPU
		{6F03D114-6413-4245-B02C-7F8BFACC12AE}.Debug|Any CPU.Build.0 = Debug|Any CPU
		{6F03D114-6413-4245-B02C-7F8BFACC12AE}.Release|Any CPU.ActiveCfg = Release|Any CPU
		{6F03D114-6413-4245-B02C-7F8BFACC12AE}.Release|Any CPU.Build.0 = Release|Any CPU
	EndGlobalSection
	GlobalSection(SolutionProperties) = preSolution
		HideSolutionNode = FALSE
	EndGlobalSection
	GlobalSection(ExtensibilityGlobals) = postSolution
		SolutionGuid = {A9576182-1FC1-4F7F-B3A5-4B92964C2A79}
	EndGlobalSection
EndGlobal
